
Microsoft Visual Studio Solution File, Format Version 12.00
# Visual Studio Version 16
VisualStudioVersion = 16.0.30104.148
MinimumVisualStudioVersion = 10.0.40219.1
Project("{2150E333-8FDC-42A3-9474-1A3956D46DE8}") = "Services", "Services", "{EE039FE5-7A46-4832-BB09-1BF1B1B048F9}"
EndProject
Project("{2150E333-8FDC-42A3-9474-1A3956D46DE8}") = "web", "web", "{7C9223B9-9823-48EA-A1B5-4E41AD319E70}"
EndProject
Project("{2150E333-8FDC-42A3-9474-1A3956D46DE8}") = "Builging Blocks", "Builging Blocks", "{4B8DFED9-D425-405E-846B-5A119985E7AA}"
EndProject
Project("{2150E333-8FDC-42A3-9474-1A3956D46DE8}") = "Identidade", "Identidade", "{0F2D6BD8-D6A7-4AB3-A2A1-D4C47DF71572}"
EndProject
Project("{9A19103F-16F7-4668-BE54-9A1E7A4F7556}") = "NSE.Identidade.API", "src\services\NSE.Identidade.API\NSE.Identidade.API.csproj", "{F7EDD592-6086-436F-BDAC-2FAAF71436D8}"
EndProject
Project("{2150E333-8FDC-42A3-9474-1A3956D46DE8}") = "MVC", "MVC", "{86BEF72C-0F1B-4D73-AA00-69D6A6E24F28}"
EndProject
Project("{9A19103F-16F7-4668-BE54-9A1E7A4F7556}") = "NSE.WebApp.MVC", "src\web\NSE.WebApp.MVC\NSE.WebApp.MVC.csproj", "{CA0B95A5-79AD-4CAC-9C07-5B0058DA862F}"
EndProject
Project("{2150E333-8FDC-42A3-9474-1A3956D46DE8}") = "Core", "Core", "{2E8D7D95-6C67-4654-9933-96367632E7B8}"
EndProject
Project("{9A19103F-16F7-4668-BE54-9A1E7A4F7556}") = "NSE.Core", "src\building blocks\NSE.Core\NSE.Core.csproj", "{7240B64D-C047-41CA-BCDE-852862140E18}"
EndProject
Project("{2150E333-8FDC-42A3-9474-1A3956D46DE8}") = "Carrinho", "Carrinho", "{C4D10120-7A93-4DE3-ABE6-D443F1105580}"
EndProject
Project("{2150E333-8FDC-42A3-9474-1A3956D46DE8}") = "Catalogo", "Catalogo", "{755C887A-FA7C-4B05-AD0B-3E12E361A7BA}"
EndProject
Project("{2150E333-8FDC-42A3-9474-1A3956D46DE8}") = "Cliente", "Cliente", "{9C18DE19-3632-46DC-BF4C-764F4376BB3D}"
EndProject
Project("{2150E333-8FDC-42A3-9474-1A3956D46DE8}") = "Pagamento", "Pagamento", "{368E0B56-9D45-4067-BB98-E299E5E9424A}"
EndProject
Project("{2150E333-8FDC-42A3-9474-1A3956D46DE8}") = "Pedido", "Pedido", "{1A52514C-F7DC-4EBA-9E5A-E92ABFC4B59E}"
EndProject
Project("{9A19103F-16F7-4668-BE54-9A1E7A4F7556}") = "NSE.Catalogo.API", "src\services\NSE.Catalogo.API\NSE.Catalogo.API.csproj", "{FCAB9A5A-ADC1-43F5-B8BE-DC2A47651444}"
EndProject
Project("{9A19103F-16F7-4668-BE54-9A1E7A4F7556}") = "NSE.Cliente.API", "src\services\NSE.Cliente.API\NSE.Cliente.API.csproj", "{5E1A6B31-5021-4A25-A521-66CD8EBE6BFB}"
EndProject
Project("{9A19103F-16F7-4668-BE54-9A1E7A4F7556}") = "NSE.Pagamento.API", "src\services\NSE.Pagamento.API\NSE.Pagamento.API.csproj", "{962671AA-C3F6-4B2D-8780-957A26FA6CA1}"
EndProject
Project("{9A19103F-16F7-4668-BE54-9A1E7A4F7556}") = "NSE.Pedido.API", "src\services\NSE.Pedido.API\NSE.Pedido.API.csproj", "{260E6495-2522-4595-9407-7934D208C802}"
EndProject
Project("{9A19103F-16F7-4668-BE54-9A1E7A4F7556}") = "NSE.Carrinho.API", "src\services\NSE.Carrinho.API\NSE.Carrinho.API.csproj", "{9DD8B69C-9B16-4A61-818A-5A67ABC2CDAA}"
EndProject
Project("{2150E333-8FDC-42A3-9474-1A3956D46DE8}") = "Services", "Services", "{28B9BB5A-C9D3-4FE9-9EF3-8D7AB093159A}"
EndProject
Project("{FAE04EC0-301F-11D3-BF4B-00C04F79EFBC}") = "NSE.WebAPI.Core", "src\building blocks\NSE.WebAPI.Core\NSE.WebAPI.Core.csproj", "{10F15DA2-9D04-4678-8B41-645E9B974A53}"
EndProject
Global
	GlobalSection(SolutionConfigurationPlatforms) = preSolution
		Debug|Any CPU = Debug|Any CPU
		Release|Any CPU = Release|Any CPU
	EndGlobalSection
	GlobalSection(ProjectConfigurationPlatforms) = postSolution
		{F7EDD592-6086-436F-BDAC-2FAAF71436D8}.Debug|Any CPU.ActiveCfg = Debug|Any CPU
		{F7EDD592-6086-436F-BDAC-2FAAF71436D8}.Debug|Any CPU.Build.0 = Debug|Any CPU
		{F7EDD592-6086-436F-BDAC-2FAAF71436D8}.Release|Any CPU.ActiveCfg = Release|Any CPU
		{F7EDD592-6086-436F-BDAC-2FAAF71436D8}.Release|Any CPU.Build.0 = Release|Any CPU
		{CA0B95A5-79AD-4CAC-9C07-5B0058DA862F}.Debug|Any CPU.ActiveCfg = Debug|Any CPU
		{CA0B95A5-79AD-4CAC-9C07-5B0058DA862F}.Debug|Any CPU.Build.0 = Debug|Any CPU
		{CA0B95A5-79AD-4CAC-9C07-5B0058DA862F}.Release|Any CPU.ActiveCfg = Release|Any CPU
		{CA0B95A5-79AD-4CAC-9C07-5B0058DA862F}.Release|Any CPU.Build.0 = Release|Any CPU
		{7240B64D-C047-41CA-BCDE-852862140E18}.Debug|Any CPU.ActiveCfg = Debug|Any CPU
		{7240B64D-C047-41CA-BCDE-852862140E18}.Debug|Any CPU.Build.0 = Debug|Any CPU
		{7240B64D-C047-41CA-BCDE-852862140E18}.Release|Any CPU.ActiveCfg = Release|Any CPU
		{7240B64D-C047-41CA-BCDE-852862140E18}.Release|Any CPU.Build.0 = Release|Any CPU
		{FCAB9A5A-ADC1-43F5-B8BE-DC2A47651444}.Debug|Any CPU.ActiveCfg = Debug|Any CPU
		{FCAB9A5A-ADC1-43F5-B8BE-DC2A47651444}.Debug|Any CPU.Build.0 = Debug|Any CPU
		{FCAB9A5A-ADC1-43F5-B8BE-DC2A47651444}.Release|Any CPU.ActiveCfg = Release|Any CPU
		{FCAB9A5A-ADC1-43F5-B8BE-DC2A47651444}.Release|Any CPU.Build.0 = Release|Any CPU
		{5E1A6B31-5021-4A25-A521-66CD8EBE6BFB}.Debug|Any CPU.ActiveCfg = Debug|Any CPU
		{5E1A6B31-5021-4A25-A521-66CD8EBE6BFB}.Debug|Any CPU.Build.0 = Debug|Any CPU
		{5E1A6B31-5021-4A25-A521-66CD8EBE6BFB}.Release|Any CPU.ActiveCfg = Release|Any CPU
		{5E1A6B31-5021-4A25-A521-66CD8EBE6BFB}.Release|Any CPU.Build.0 = Release|Any CPU
		{962671AA-C3F6-4B2D-8780-957A26FA6CA1}.Debug|Any CPU.ActiveCfg = Debug|Any CPU
		{962671AA-C3F6-4B2D-8780-957A26FA6CA1}.Debug|Any CPU.Build.0 = Debug|Any CPU
		{962671AA-C3F6-4B2D-8780-957A26FA6CA1}.Release|Any CPU.ActiveCfg = Release|Any CPU
		{962671AA-C3F6-4B2D-8780-957A26FA6CA1}.Release|Any CPU.Build.0 = Release|Any CPU
		{260E6495-2522-4595-9407-7934D208C802}.Debug|Any CPU.ActiveCfg = Debug|Any CPU
		{260E6495-2522-4595-9407-7934D208C802}.Debug|Any CPU.Build.0 = Debug|Any CPU
		{260E6495-2522-4595-9407-7934D208C802}.Release|Any CPU.ActiveCfg = Release|Any CPU
		{260E6495-2522-4595-9407-7934D208C802}.Release|Any CPU.Build.0 = Release|Any CPU
		{9DD8B69C-9B16-4A61-818A-5A67ABC2CDAA}.Debug|Any CPU.ActiveCfg = Debug|Any CPU
		{9DD8B69C-9B16-4A61-818A-5A67ABC2CDAA}.Debug|Any CPU.Build.0 = Debug|Any CPU
		{9DD8B69C-9B16-4A61-818A-5A67ABC2CDAA}.Release|Any CPU.ActiveCfg = Release|Any CPU
		{9DD8B69C-9B16-4A61-818A-5A67ABC2CDAA}.Release|Any CPU.Build.0 = Release|Any CPU
		{10F15DA2-9D04-4678-8B41-645E9B974A53}.Debug|Any CPU.ActiveCfg = Debug|Any CPU
		{10F15DA2-9D04-4678-8B41-645E9B974A53}.Debug|Any CPU.Build.0 = Debug|Any CPU
		{10F15DA2-9D04-4678-8B41-645E9B974A53}.Release|Any CPU.ActiveCfg = Release|Any CPU
		{10F15DA2-9D04-4678-8B41-645E9B974A53}.Release|Any CPU.Build.0 = Release|Any CPU
	EndGlobalSection
	GlobalSection(SolutionProperties) = preSolution
		HideSolutionNode = FALSE
	EndGlobalSection
	GlobalSection(NestedProjects) = preSolution
		{0F2D6BD8-D6A7-4AB3-A2A1-D4C47DF71572} = {EE039FE5-7A46-4832-BB09-1BF1B1B048F9}
		{F7EDD592-6086-436F-BDAC-2FAAF71436D8} = {0F2D6BD8-D6A7-4AB3-A2A1-D4C47DF71572}
		{86BEF72C-0F1B-4D73-AA00-69D6A6E24F28} = {7C9223B9-9823-48EA-A1B5-4E41AD319E70}
		{CA0B95A5-79AD-4CAC-9C07-5B0058DA862F} = {86BEF72C-0F1B-4D73-AA00-69D6A6E24F28}
		{2E8D7D95-6C67-4654-9933-96367632E7B8} = {4B8DFED9-D425-405E-846B-5A119985E7AA}
		{7240B64D-C047-41CA-BCDE-852862140E18} = {2E8D7D95-6C67-4654-9933-96367632E7B8}
		{C4D10120-7A93-4DE3-ABE6-D443F1105580} = {EE039FE5-7A46-4832-BB09-1BF1B1B048F9}
		{755C887A-FA7C-4B05-AD0B-3E12E361A7BA} = {EE039FE5-7A46-4832-BB09-1BF1B1B048F9}
		{9C18DE19-3632-46DC-BF4C-764F4376BB3D} = {EE039FE5-7A46-4832-BB09-1BF1B1B048F9}
		{368E0B56-9D45-4067-BB98-E299E5E9424A} = {1A52514C-F7DC-4EBA-9E5A-E92ABFC4B59E}
		{1A52514C-F7DC-4EBA-9E5A-E92ABFC4B59E} = {EE039FE5-7A46-4832-BB09-1BF1B1B048F9}
		{FCAB9A5A-ADC1-43F5-B8BE-DC2A47651444} = {755C887A-FA7C-4B05-AD0B-3E12E361A7BA}
		{5E1A6B31-5021-4A25-A521-66CD8EBE6BFB} = {9C18DE19-3632-46DC-BF4C-764F4376BB3D}
		{962671AA-C3F6-4B2D-8780-957A26FA6CA1} = {368E0B56-9D45-4067-BB98-E299E5E9424A}
		{260E6495-2522-4595-9407-7934D208C802} = {1A52514C-F7DC-4EBA-9E5A-E92ABFC4B59E}
		{9DD8B69C-9B16-4A61-818A-5A67ABC2CDAA} = {C4D10120-7A93-4DE3-ABE6-D443F1105580}
		{28B9BB5A-C9D3-4FE9-9EF3-8D7AB093159A} = {4B8DFED9-D425-405E-846B-5A119985E7AA}
		{10F15DA2-9D04-4678-8B41-645E9B974A53} = {28B9BB5A-C9D3-4FE9-9EF3-8D7AB093159A}
	EndGlobalSection
	GlobalSection(ExtensibilityGlobals) = postSolution
		SolutionGuid = {8AFC3697-ADAF-4CAF-AB29-04AE667AD074}
	EndGlobalSection
EndGlobal
